
Microsoft Visual Studio Solution File, Format Version 12.00
# Visual Studio 2013
VisualStudioVersion = 12.0.21005.1
MinimumVisualStudioVersion = 10.0.40219.1
Project("{B1E792BE-AA5F-4E3C-8C82-674BF9C0715B}") = "TwinCAT TCP Server", "TwinCAT TCP Server.tsproj", "{18B461A4-A496-45FF-8335-3152710E0054}"
EndProject
Global
	GlobalSection(SolutionConfigurationPlatforms) = preSolution
		Debug|TwinCAT CE7 (ARMV7) = Debug|TwinCAT CE7 (ARMV7)
		Debug|TwinCAT RT (x64) = Debug|TwinCAT RT (x64)
		Debug|TwinCAT RT (x86) = Debug|TwinCAT RT (x86)
		Release|TwinCAT CE7 (ARMV7) = Release|TwinCAT CE7 (ARMV7)
		Release|TwinCAT RT (x64) = Release|TwinCAT RT (x64)
		Release|TwinCAT RT (x86) = Release|TwinCAT RT (x86)
	EndGlobalSection
	GlobalSection(ProjectConfigurationPlatforms) = postSolution
		{18B461A4-A496-45FF-8335-3152710E0054}.Debug|TwinCAT CE7 (ARMV7).ActiveCfg = Debug|TwinCAT CE7 (ARMV7)
		{18B461A4-A496-45FF-8335-3152710E0054}.Debug|TwinCAT CE7 (ARMV7).Build.0 = Debug|TwinCAT CE7 (ARMV7)
		{18B461A4-A496-45FF-8335-3152710E0054}.Debug|TwinCAT RT (x64).ActiveCfg = Debug|TwinCAT RT (x64)
		{18B461A4-A496-45FF-8335-3152710E0054}.Debug|TwinCAT RT (x64).Build.0 = Debug|TwinCAT RT (x64)
		{18B461A4-A496-45FF-8335-3152710E0054}.Debug|TwinCAT RT (x86).ActiveCfg = Debug|TwinCAT RT (x86)
		{18B461A4-A496-45FF-8335-3152710E0054}.Debug|TwinCAT RT (x86).Build.0 = Debug|TwinCAT RT (x86)
		{18B461A4-A496-45FF-8335-3152710E0054}.Release|TwinCAT CE7 (ARMV7).ActiveCfg = Release|TwinCAT CE7 (ARMV7)
		{18B461A4-A496-45FF-8335-3152710E0054}.Release|TwinCAT CE7 (ARMV7).Build.0 = Release|TwinCAT CE7 (ARMV7)
		{18B461A4-A496-45FF-8335-3152710E0054}.Release|TwinCAT RT (x64).ActiveCfg = Release|TwinCAT RT (x64)
		{18B461A4-A496-45FF-8335-3152710E0054}.Release|TwinCAT RT (x64).Build.0 = Release|TwinCAT RT (x64)
		{18B461A4-A496-45FF-8335-3152710E0054}.Release|TwinCAT RT (x86).ActiveCfg = Release|TwinCAT RT (x86)
		{18B461A4-A496-45FF-8335-3152710E0054}.Release|TwinCAT RT (x86).Build.0 = Release|TwinCAT RT (x86)
		{AC342953-AC6F-46BE-A9BF-EBD3DB8CF683}.Debug|TwinCAT CE7 (ARMV7).ActiveCfg = Debug|TwinCAT CE7 (ARMV7)
		{AC342953-AC6F-46BE-A9BF-EBD3DB8CF683}.Debug|TwinCAT CE7 (ARMV7).Build.0 = Debug|TwinCAT CE7 (ARMV7)
		{AC342953-AC6F-46BE-A9BF-EBD3DB8CF683}.Debug|TwinCAT RT (x64).ActiveCfg = Debug|TwinCAT RT (x64)
		{AC342953-AC6F-46BE-A9BF-EBD3DB8CF683}.Debug|TwinCAT RT (x64).Build.0 = Debug|TwinCAT RT (x64)
		{AC342953-AC6F-46BE-A9BF-EBD3DB8CF683}.Debug|TwinCAT RT (x86).ActiveCfg = Debug|TwinCAT RT (x86)
		{AC342953-AC6F-46BE-A9BF-EBD3DB8CF683}.Debug|TwinCAT RT (x86).Build.0 = Debug|TwinCAT RT (x86)
		{AC342953-AC6F-46BE-A9BF-EBD3DB8CF683}.Release|TwinCAT CE7 (ARMV7).ActiveCfg = Release|TwinCAT CE7 (ARMV7)
		{AC342953-AC6F-46BE-A9BF-EBD3DB8CF683}.Release|TwinCAT CE7 (ARMV7).Build.0 = Release|TwinCAT CE7 (ARMV7)
		{AC342953-AC6F-46BE-A9BF-EBD3DB8CF683}.Release|TwinCAT RT (x64).ActiveCfg = Release|TwinCAT RT (x64)
		{AC342953-AC6F-46BE-A9BF-EBD3DB8CF683}.Release|TwinCAT RT (x64).Build.0 = Release|TwinCAT RT (x64)
		{AC342953-AC6F-46BE-A9BF-EBD3DB8CF683}.Release|TwinCAT RT (x86).ActiveCfg = Release|TwinCAT RT (x86)
		{AC342953-AC6F-46BE-A9BF-EBD3DB8CF683}.Release|TwinCAT RT (x86).Build.0 = Release|TwinCAT RT (x86)
	EndGlobalSection
	GlobalSection(SolutionProperties) = preSolution
		HideSolutionNode = FALSE
	EndGlobalSection
EndGlobal
